
Microsoft Visual Studio Solution File, Format Version 12.00
# Visual Studio Version 16
VisualStudioVersion = 16.0.32929.386
MinimumVisualStudioVersion = 10.0.40219.1
Project("{FAE04EC0-301F-11D3-BF4B-00C04F79EFBC}") = "EscolaApp", "EscolaApp\EscolaApp.csproj", "{95E4A7DA-0936-4786-BAE5-293ABD8A1B77}"
EndProject
Global
	GlobalSection(SolutionConfigurationPlatforms) = preSolution
		Debug|Any CPU = Debug|Any CPU
		Release|Any CPU = Release|Any CPU
	EndGlobalSection
	GlobalSection(ProjectConfigurationPlatforms) = postSolution
		{95E4A7DA-0936-4786-BAE5-293ABD8A1B77}.Debug|Any CPU.ActiveCfg = Debug|Any CPU
		{95E4A7DA-0936-4786-BAE5-293ABD8A1B77}.Debug|Any CPU.Build.0 = Debug|Any CPU
		{95E4A7DA-0936-4786-BAE5-293ABD8A1B77}.Release|Any CPU.ActiveCfg = Release|Any CPU
		{95E4A7DA-0936-4786-BAE5-293ABD8A1B77}.Release|Any CPU.Build.0 = Release|Any CPU
	EndGlobalSection
	GlobalSection(SolutionProperties) = preSolution
		HideSolutionNode = FALSE
	EndGlobalSection
	GlobalSection(ExtensibilityGlobals) = postSolution
		SolutionGuid = {A2287DFE-4D7A-4CD6-B653-DBE06D4DF974}
	EndGlobalSection
EndGlobal
